
Microsoft Visual Studio Solution File, Format Version 12.00
# Visual Studio Version 17
VisualStudioVersion = 17.11.35208.52
MinimumVisualStudioVersion = 10.0.40219.1
Project("{FAE04EC0-301F-11D3-BF4B-00C04F79EFBC}") = "IisBackuper", "IisBackuper\IisBackuper.csproj", "{C67F5E54-232E-4C96-B3EA-28C7D6FBAEB1}"
EndProject
Global
	GlobalSection(SolutionConfigurationPlatforms) = preSolution
		Debug|Any CPU = Debug|Any CPU
		Release|Any CPU = Release|Any CPU
	EndGlobalSection
	GlobalSection(ProjectConfigurationPlatforms) = postSolution
		{C67F5E54-232E-4C96-B3EA-28C7D6FBAEB1}.Debug|Any CPU.ActiveCfg = Debug|Any CPU
		{C67F5E54-232E-4C96-B3EA-28C7D6FBAEB1}.Debug|Any CPU.Build.0 = Debug|Any CPU
		{C67F5E54-232E-4C96-B3EA-28C7D6FBAEB1}.Release|Any CPU.ActiveCfg = Release|Any CPU
		{C67F5E54-232E-4C96-B3EA-28C7D6FBAEB1}.Release|Any CPU.Build.0 = Release|Any CPU
	EndGlobalSection
	GlobalSection(SolutionProperties) = preSolution
		HideSolutionNode = FALSE
	EndGlobalSection
	GlobalSection(ExtensibilityGlobals) = postSolution
		SolutionGuid = {1417027E-6D61-40B3-9060-0DEFD32FE0A0}
	EndGlobalSection
EndGlobal
